
Microsoft Visual Studio Solution File, Format Version 12.00
# Visual Studio Version 17
VisualStudioVersion = 17.8.34525.116
MinimumVisualStudioVersion = 10.0.40219.1
Project("{FAE04EC0-301F-11D3-BF4B-00C04F79EFBC}") = "Laba6", "Laba6\Laba6.csproj", "{F7557321-D071-4F09-A869-D3D72CA76797}"
EndProject
Global
	GlobalSection(SolutionConfigurationPlatforms) = preSolution
		Debug|Any CPU = Debug|Any CPU
		Release|Any CPU = Release|Any CPU
	EndGlobalSection
	GlobalSection(ProjectConfigurationPlatforms) = postSolution
		{F7557321-D071-4F09-A869-D3D72CA76797}.Debug|Any CPU.ActiveCfg = Debug|Any CPU
		{F7557321-D071-4F09-A869-D3D72CA76797}.Debug|Any CPU.Build.0 = Debug|Any CPU
		{F7557321-D071-4F09-A869-D3D72CA76797}.Release|Any CPU.ActiveCfg = Release|Any CPU
		{F7557321-D071-4F09-A869-D3D72CA76797}.Release|Any CPU.Build.0 = Release|Any CPU
	EndGlobalSection
	GlobalSection(SolutionProperties) = preSolution
		HideSolutionNode = FALSE
	EndGlobalSection
	GlobalSection(ExtensibilityGlobals) = postSolution
		SolutionGuid = {434DC9EE-5491-485A-A1E3-20CEAA75C448}
	EndGlobalSection
EndGlobal
